// !$*UTF8*$!
{
	archiveVersion = 1;
	classes = {
	};
	objectVersion = 46;
	objects = {

/* Begin PBXBuildFile section */
		924E8D651FA0B46400AEEFA2 /* AppDelegate.swift in Sources */ = {isa = PBXBuildFile; fileRef = 924E8D641FA0B46400AEEFA2 /* AppDelegate.swift */; };
		924E8D671FA0B46400AEEFA2 /* ViewController.swift in Sources */ = {isa = PBXBuildFile; fileRef = 924E8D661FA0B46400AEEFA2 /* ViewController.swift */; };
		924E8D6A1FA0B46400AEEFA2 /* Main.storyboard in Resources */ = {isa = PBXBuildFile; fileRef = 924E8D681FA0B46400AEEFA2 /* Main.storyboard */; };
		924E8D6C1FA0B46400AEEFA2 /* Assets.xcassets in Resources */ = {isa = PBXBuildFile; fileRef = 924E8D6B1FA0B46400AEEFA2 /* Assets.xcassets */; };
		924E8D6F1FA0B46400AEEFA2 /* LaunchScreen.storyboard in Resources */ = {isa = PBXBuildFile; fileRef = 924E8D6D1FA0B46400AEEFA2 /* LaunchScreen.storyboard */; };
		924E8D7A1FA0B46400AEEFA2 /* OmrekenAppTests.swift in Sources */ = {isa = PBXBuildFile; fileRef = 924E8D791FA0B46400AEEFA2 /* OmrekenAppTests.swift */; };
		924E8D851FA0B46400AEEFA2 /* OmrekenAppUITests.swift in Sources */ = {isa = PBXBuildFile; fileRef = 924E8D841FA0B46400AEEFA2 /* OmrekenAppUITests.swift */; };
/* End PBXBuildFile section */

/* Begin PBXContainerItemProxy section */
		924E8D761FA0B46400AEEFA2 /* PBXContainerItemProxy */ = {
			isa = PBXContainerItemProxy;
			containerPortal = 924E8D591FA0B46400AEEFA2 /* Project object */;
			proxyType = 1;
			remoteGlobalIDString = 924E8D601FA0B46400AEEFA2;
			remoteInfo = OmrekenApp;
		};
		924E8D811FA0B46400AEEFA2 /* PBXContainerItemProxy */ = {
			isa = PBXContainerItemProxy;
			containerPortal = 924E8D591FA0B46400AEEFA2 /* Project object */;
			proxyType = 1;
			remoteGlobalIDString = 924E8D601FA0B46400AEEFA2;
			remoteInfo = OmrekenApp;
		};
/* End PBXContainerItemProxy section */

/* Begin PBXFileReference section */
		924E8D611FA0B46400AEEFA2 /* OmrekenApp.app */ = {isa = PBXFileReference; explicitFileType = wrapper.application; includeInIndex = 0; path = OmrekenApp.app; sourceTree = BUILT_PRODUCTS_DIR; };
		924E8D641FA0B46400AEEFA2 /* AppDelegate.swift */ = {isa = PBXFileReference; lastKnownFileType = sourcecode.swift; path = AppDelegate.swift; sourceTree = "<group>"; };
		924E8D661FA0B46400AEEFA2 /* ViewController.swift */ = {isa = PBXFileReference; lastKnownFileType = sourcecode.swift; path = ViewController.swift; sourceTree = "<group>"; };
		924E8D691FA0B46400AEEFA2 /* Base */ = {isa = PBXFileReference; lastKnownFileType = file.storyboard; name = Base; path = Base.lproj/Main.storyboard; sourceTree = "<group>"; };
		924E8D6B1FA0B46400AEEFA2 /* Assets.xcassets */ = {isa = PBXFileReference; lastKnownFileType = folder.assetcatalog; path = Assets.xcassets; sourceTree = "<group>"; };
		924E8D6E1FA0B46400AEEFA2 /* Base */ = {isa = PBXFileReference; lastKnownFileType = file.storyboard; name = Base; path = Base.lproj/LaunchScreen.storyboard; sourceTree = "<group>"; };
		924E8D701FA0B46400AEEFA2 /* Info.plist */ = {isa = PBXFileReference; lastKnownFileType = text.plist.xml; path = Info.plist; sourceTree = "<group>"; };
		924E8D751FA0B46400AEEFA2 /* OmrekenAppTests.xctest */ = {isa = PBXFileReference; explicitFileType = wrapper.cfbundle; includeInIndex = 0; path = OmrekenAppTests.xctest; sourceTree = BUILT_PRODUCTS_DIR; };
		924E8D791FA0B46400AEEFA2 /* OmrekenAppTests.swift */ = {isa = PBXFileReference; lastKnownFileType = sourcecode.swift; path = OmrekenAppTests.swift; sourceTree = "<group>"; };
		924E8D7B1FA0B46400AEEFA2 /* Info.plist */ = {isa = PBXFileReference; lastKnownFileType = text.plist.xml; path = Info.plist; sourceTree = "<group>"; };
		924E8D801FA0B46400AEEFA2 /* OmrekenAppUITests.xctest */ = {isa = PBXFileReference; explicitFileType = wrapper.cfbundle; includeInIndex = 0; path = OmrekenAppUITests.xctest; sourceTree = BUILT_PRODUCTS_DIR; };
		924E8D841FA0B46400AEEFA2 /* OmrekenAppUITests.swift */ = {isa = PBXFileReference; lastKnownFileType = sourcecode.swift; path = OmrekenAppUITests.swift; sourceTree = "<group>"; };
		924E8D861FA0B46400AEEFA2 /* Info.plist */ = {isa = PBXFileReference; lastKnownFileType = text.plist.xml; path = Info.plist; sourceTree = "<group>"; };
/* End PBXFileReference section */

/* Begin PBXFrameworksBuildPhase section */
		924E8D5E1FA0B46400AEEFA2 /* Frameworks */ = {
			isa = PBXFrameworksBuildPhase;
			buildActionMask = 2147483647;
			files = (
			);
			runOnlyForDeploymentPostprocessing = 0;
		};
		924E8D721FA0B46400AEEFA2 /* Frameworks */ = {
			isa = PBXFrameworksBuildPhase;
			buildActionMask = 2147483647;
			files = (
			);
			runOnlyForDeploymentPostprocessing = 0;
		};
		924E8D7D1FA0B46400AEEFA2 /* Frameworks */ = {
			isa = PBXFrameworksBuildPhase;
			buildActionMask = 2147483647;
			files = (
			);
			runOnlyForDeploymentPostprocessing = 0;
		};
/* End PBXFrameworksBuildPhase section */

/* Begin PBXGroup section */
		924E8D581FA0B46400AEEFA2 = {
			isa = PBXGroup;
			children = (
				924E8D631FA0B46400AEEFA2 /* OmrekenApp */,
				924E8D781FA0B46400AEEFA2 /* OmrekenAppTests */,
				924E8D831FA0B46400AEEFA2 /* OmrekenAppUITests */,
				924E8D621FA0B46400AEEFA2 /* Products */,
			);
			sourceTree = "<group>";
		};
		924E8D621FA0B46400AEEFA2 /* Products */ = {
			isa = PBXGroup;
			children = (
				924E8D611FA0B46400AEEFA2 /* OmrekenApp.app */,
				924E8D751FA0B46400AEEFA2 /* OmrekenAppTests.xctest */,
				924E8D801FA0B46400AEEFA2 /* OmrekenAppUITests.xctest */,
			);
			name = Products;
			sourceTree = "<group>";
		};
		924E8D631FA0B46400AEEFA2 /* OmrekenApp */ = {
			isa = PBXGroup;
			children = (
				924E8D641FA0B46400AEEFA2 /* AppDelegate.swift */,
				924E8D661FA0B46400AEEFA2 /* ViewController.swift */,
				924E8D681FA0B46400AEEFA2 /* Main.storyboard */,
				924E8D6B1FA0B46400AEEFA2 /* Assets.xcassets */,
				924E8D6D1FA0B46400AEEFA2 /* LaunchScreen.storyboard */,
				924E8D701FA0B46400AEEFA2 /* Info.plist */,
			);
			path = OmrekenApp;
			sourceTree = "<group>";
		};
		924E8D781FA0B46400AEEFA2 /* OmrekenAppTests */ = {
			isa = PBXGroup;
			children = (
				924E8D791FA0B46400AEEFA2 /* OmrekenAppTests.swift */,
				924E8D7B1FA0B46400AEEFA2 /* Info.plist */,
			);
			path = OmrekenAppTests;
			sourceTree = "<group>";
		};
		924E8D831FA0B46400AEEFA2 /* OmrekenAppUITests */ = {
			isa = PBXGroup;
			children = (
				924E8D841FA0B46400AEEFA2 /* OmrekenAppUITests.swift */,
				924E8D861FA0B46400AEEFA2 /* Info.plist */,
			);
			path = OmrekenAppUITests;
			sourceTree = "<group>";
		};
/* End PBXGroup section */

/* Begin PBXNativeTarget section */
		924E8D601FA0B46400AEEFA2 /* OmrekenApp */ = {
			isa = PBXNativeTarget;
			buildConfigurationList = 924E8D891FA0B46400AEEFA2 /* Build configuration list for PBXNativeTarget "OmrekenApp" */;
			buildPhases = (
				924E8D5D1FA0B46400AEEFA2 /* Sources */,
				924E8D5E1FA0B46400AEEFA2 /* Frameworks */,
				924E8D5F1FA0B46400AEEFA2 /* Resources */,
			);
			buildRules = (
			);
			dependencies = (
			);
			name = OmrekenApp;
			productName = OmrekenApp;
			productReference = 924E8D611FA0B46400AEEFA2 /* OmrekenApp.app */;
			productType = "com.apple.product-type.application";
		};
		924E8D741FA0B46400AEEFA2 /* OmrekenAppTests */ = {
			isa = PBXNativeTarget;
			buildConfigurationList = 924E8D8C1FA0B46400AEEFA2 /* Build configuration list for PBXNativeTarget "OmrekenAppTests" */;
			buildPhases = (
				924E8D711FA0B46400AEEFA2 /* Sources */,
				924E8D721FA0B46400AEEFA2 /* Frameworks */,
				924E8D731FA0B46400AEEFA2 /* Resources */,
			);
			buildRules = (
			);
			dependencies = (
				924E8D771FA0B46400AEEFA2 /* PBXTargetDependency */,
			);
			name = OmrekenAppTests;
			productName = OmrekenAppTests;
			productReference = 924E8D751FA0B46400AEEFA2 /* OmrekenAppTests.xctest */;
			productType = "com.apple.product-type.bundle.unit-test";
		};
		924E8D7F1FA0B46400AEEFA2 /* OmrekenAppUITests */ = {
			isa = PBXNativeTarget;
			buildConfigurationList = 924E8D8F1FA0B46400AEEFA2 /* Build configuration list for PBXNativeTarget "OmrekenAppUITests" */;
			buildPhases = (
				924E8D7C1FA0B46400AEEFA2 /* Sources */,
				924E8D7D1FA0B46400AEEFA2 /* Frameworks */,
				924E8D7E1FA0B46400AEEFA2 /* Resources */,
			);
			buildRules = (
			);
			dependencies = (
				924E8D821FA0B46400AEEFA2 /* PBXTargetDependency */,
			);
			name = OmrekenAppUITests;
			productName = OmrekenAppUITests;
			productReference = 924E8D801FA0B46400AEEFA2 /* OmrekenAppUITests.xctest */;
			productType = "com.apple.product-type.bundle.ui-testing";
		};
/* End PBXNativeTarget section */

/* Begin PBXProject section */
		924E8D591FA0B46400AEEFA2 /* Project object */ = {
			isa = PBXProject;
			attributes = {
				LastSwiftUpdateCheck = 0830;
				LastUpgradeCheck = 0830;
				ORGANIZATIONNAME = "Edy van Tol";
				TargetAttributes = {
					924E8D601FA0B46400AEEFA2 = {
						CreatedOnToolsVersion = 8.3.2;
						ProvisioningStyle = Automatic;
					};
					924E8D741FA0B46400AEEFA2 = {
						CreatedOnToolsVersion = 8.3.2;
						ProvisioningStyle = Automatic;
						TestTargetID = 924E8D601FA0B46400AEEFA2;
					};
					924E8D7F1FA0B46400AEEFA2 = {
						CreatedOnToolsVersion = 8.3.2;
						ProvisioningStyle = Automatic;
						TestTargetID = 924E8D601FA0B46400AEEFA2;
					};
				};
			};
			buildConfigurationList = 924E8D5C1FA0B46400AEEFA2 /* Build configuration list for PBXProject "OmrekenApp" */;
			compatibilityVersion = "Xcode 3.2";
			developmentRegion = English;
			hasScannedForEncodings = 0;
			knownRegions = (
				en,
				Base,
			);
			mainGroup = 924E8D581FA0B46400AEEFA2;
			productRefGroup = 924E8D621FA0B46400AEEFA2 /* Products */;
			projectDirPath = "";
			projectRoot = "";
			targets = (
				924E8D601FA0B46400AEEFA2 /* OmrekenApp */,
				924E8D741FA0B46400AEEFA2 /* OmrekenAppTests */,
				924E8D7F1FA0B46400AEEFA2 /* OmrekenAppUITests */,
			);
		};
/* End PBXProject section */

/* Begin PBXResourcesBuildPhase section */
		924E8D5F1FA0B46400AEEFA2 /* Resources */ = {
			isa = PBXResourcesBuildPhase;
			buildActionMask = 2147483647;
			files = (
				924E8D6F1FA0B46400AEEFA2 /* LaunchScreen.storyboard in Resources */,
				924E8D6C1FA0B46400AEEFA2 /* Assets.xcassets in Resources */,
				924E8D6A1FA0B46400AEEFA2 /* Main.storyboard in Resources */,
			);
			runOnlyForDeploymentPostprocessing = 0;
		};
		924E8D731FA0B46400AEEFA2 /* Resources */ = {
			isa = PBXResourcesBuildPhase;
			buildActionMask = 2147483647;
			files = (
			);
			runOnlyForDeploymentPostprocessing = 0;
		};
		924E8D7E1FA0B46400AEEFA2 /* Resources */ = {
			isa = PBXResourcesBuildPhase;
			buildActionMask = 2147483647;
			files = (
			);
			runOnlyForDeploymentPostprocessing = 0;
		};
/* End PBXResourcesBuildPhase section */

/* Begin PBXSourcesBuildPhase section */
		924E8D5D1FA0B46400AEEFA2 /* Sources */ = {
			isa = PBXSourcesBuildPhase;
			buildActionMask = 2147483647;
			files = (
				924E8D671FA0B46400AEEFA2 /* ViewController.swift in Sources */,
				924E8D651FA0B46400AEEFA2 /* AppDelegate.swift in Sources */,
			);
			runOnlyForDeploymentPostprocessing = 0;
		};
		924E8D711FA0B46400AEEFA2 /* Sources */ = {
			isa = PBXSourcesBuildPhase;
			buildActionMask = 2147483647;
			files = (
				924E8D7A1FA0B46400AEEFA2 /* OmrekenAppTests.swift in Sources */,
			);
			runOnlyForDeploymentPostprocessing = 0;
		};
		924E8D7C1FA0B46400AEEFA2 /* Sources */ = {
			isa = PBXSourcesBuildPhase;
			buildActionMask = 2147483647;
			files = (
				924E8D851FA0B46400AEEFA2 /* OmrekenAppUITests.swift in Sources */,
			);
			runOnlyForDeploymentPostprocessing = 0;
		};
/* End PBXSourcesBuildPhase section */

/* Begin PBXTargetDependency section */
		924E8D771FA0B46400AEEFA2 /* PBXTargetDependency */ = {
			isa = PBXTargetDependency;
			target = 924E8D601FA0B46400AEEFA2 /* OmrekenApp */;
			targetProxy = 924E8D761FA0B46400AEEFA2 /* PBXContainerItemProxy */;
		};
		924E8D821FA0B46400AEEFA2 /* PBXTargetDependency */ = {
			isa = PBXTargetDependency;
			target = 924E8D601FA0B46400AEEFA2 /* OmrekenApp */;
			targetProxy = 924E8D811FA0B46400AEEFA2 /* PBXContainerItemProxy */;
		};
/* End PBXTargetDependency section */

/* Begin PBXVariantGroup section */
		924E8D681FA0B46400AEEFA2 /* Main.storyboard */ = {
			isa = PBXVariantGroup;
			children = (
				924E8D691FA0B46400AEEFA2 /* Base */,
			);
			name = Main.storyboard;
			sourceTree = "<group>";
		};
		924E8D6D1FA0B46400AEEFA2 /* LaunchScreen.storyboard */ = {
			isa = PBXVariantGroup;
			children = (
				924E8D6E1FA0B46400AEEFA2 /* Base */,
			);
			name = LaunchScreen.storyboard;
			sourceTree = "<group>";
		};
/* End PBXVariantGroup section */

/* Begin XCBuildConfiguration section */
		924E8D871FA0B46400AEEFA2 /* Debug */ = {
			isa = XCBuildConfiguration;
			buildSettings = {
				ALWAYS_SEARCH_USER_PATHS = NO;
				CLANG_ANALYZER_NONNULL = YES;
				CLANG_ANALYZER_NUMBER_OBJECT_CONVERSION = YES_AGGRESSIVE;
				CLANG_CXX_LANGUAGE_STANDARD = "gnu++0x";
				CLANG_CXX_LIBRARY = "libc++";
				CLANG_ENABLE_MODULES = YES;
				CLANG_ENABLE_OBJC_ARC = YES;
				CLANG_WARN_BOOL_CONVERSION = YES;
				CLANG_WARN_CONSTANT_CONVERSION = YES;
				CLANG_WARN_DIRECT_OBJC_ISA_USAGE = YES_ERROR;
				CLANG_WARN_DOCUMENTATION_COMMENTS = YES;
				CLANG_WARN_EMPTY_BODY = YES;
				CLANG_WARN_ENUM_CONVERSION = YES;
				CLANG_WARN_INFINITE_RECURSION = YES;
				CLANG_WARN_INT_CONVERSION = YES;
				CLANG_WARN_OBJC_ROOT_CLASS = YES_ERROR;
				CLANG_WARN_SUSPICIOUS_MOVE = YES;
				CLANG_WARN_UNREACHABLE_CODE = YES;
				CLANG_WARN__DUPLICATE_METHOD_MATCH = YES;
				"CODE_SIGN_IDENTITY[sdk=iphoneos*]" = "iPhone Developer";
				COPY_PHASE_STRIP = NO;
				DEBUG_INFORMATION_FORMAT = dwarf;
				ENABLE_STRICT_OBJC_MSGSEND = YES;
				ENABLE_TESTABILITY = YES;
				GCC_C_LANGUAGE_STANDARD = gnu99;
				GCC_DYNAMIC_NO_PIC = NO;
				GCC_NO_COMMON_BLOCKS = YES;
				GCC_OPTIMIZATION_LEVEL = 0;
				GCC_PREPROCESSOR_DEFINITIONS = (
					"DEBUG=1",
					"$(inherited)",
				);
				GCC_WARN_64_TO_32_BIT_CONVERSION = YES;
				GCC_WARN_ABOUT_RETURN_TYPE = YES_ERROR;
				GCC_WARN_UNDECLARED_SELECTOR = YES;
				GCC_WARN_UNINITIALIZED_AUTOS = YES_AGGRESSIVE;
				GCC_WARN_UNUSED_FUNCTION = YES;
				GCC_WARN_UNUSED_VARIABLE = YES;
				IPHONEOS_DEPLOYMENT_TARGET = 10.3;
				MTL_ENABLE_DEBUG_INFO = YES;
				ONLY_ACTIVE_ARCH = YES;
				SDKROOT = iphoneos;
				SWIFT_ACTIVE_COMPILATION_CONDITIONS = DEBUG;
				SWIFT_OPTIMIZATION_LEVEL = "-Onone";
				TARGETED_DEVICE_FAMILY = "1,2";
			};
			name = Debug;
		};
		924E8D881FA0B46400AEEFA2 /* Release */ = {
			isa = XCBuildConfiguration;
			buildSettings = {
				ALWAYS_SEARCH_USER_PATHS = NO;
				CLANG_ANALYZER_NONNULL = YES;
				CLANG_ANALYZER_NUMBER_OBJECT_CONVERSION = YES_AGGRESSIVE;
				CLANG_CXX_LANGUAGE_STANDARD = "gnu++0x";
				CLANG_CXX_LIBRARY = "libc++";
				CLANG_ENABLE_MODULES = YES;
				CLANG_ENABLE_OBJC_ARC = YES;
				CLANG_WARN_BOOL_CONVERSION = YES;
				CLANG_WARN_CONSTANT_CONVERSION = YES;
				CLANG_WARN_DIRECT_OBJC_ISA_USAGE = YES_ERROR;
				CLANG_WARN_DOCUMENTATION_COMMENTS = YES;
				CLANG_WARN_EMPTY_BODY = YES;
				CLANG_WARN_ENUM_CONVERSION = YES;
				CLANG_WARN_INFINITE_RECURSION = YES;
				CLANG_WARN_INT_CONVERSION = YES;
				CLANG_WARN_OBJC_ROOT_CLASS = YES_ERROR;
				CLANG_WARN_SUSPICIOUS_MOVE = YES;
				CLANG_WARN_UNREACHABLE_CODE = YES;
				CLANG_WARN__DUPLICATE_METHOD_MATCH = YES;
				"CODE_SIGN_IDENTITY[sdk=iphoneos*]" = "iPhone Developer";
				COPY_PHASE_STRIP = NO;
				DEBUG_INFORMATION_FORMAT = "dwarf-with-dsym";
				ENABLE_NS_ASSERTIONS = NO;
				ENABLE_STRICT_OBJC_MSGSEND = YES;
				GCC_C_LANGUAGE_STANDARD = gnu99;
				GCC_NO_COMMON_BLOCKS = YES;
				GCC_WARN_64_TO_32_BIT_CONVERSION = YES;
				GCC_WARN_ABOUT_RETURN_TYPE = YES_ERROR;
				GCC_WARN_UNDECLARED_SELECTOR = YES;
				GCC_WARN_UNINITIALIZED_AUTOS = YES_AGGRESSIVE;
				GCC_WARN_UNUSED_FUNCTION = YES;
				GCC_WARN_UNUSED_VARIABLE = YES;
				IPHONEOS_DEPLOYMENT_TARGET = 10.3;
				MTL_ENABLE_DEBUG_INFO = NO;
				SDKROOT = iphoneos;
				SWIFT_OPTIMIZATION_LEVEL = "-Owholemodule";
				TARGETED_DEVICE_FAMILY = "1,2";
				VALIDATE_PRODUCT = YES;
			};
			name = Release;
		};
		924E8D8A1FA0B46400AEEFA2 /* Debug */ = {
			isa = XCBuildConfiguration;
			buildSettings = {
				ASSETCATALOG_COMPILER_APPICON_NAME = AppIcon;
				INFOPLIST_FILE = OmrekenApp/Info.plist;
				LD_RUNPATH_SEARCH_PATHS = "$(inherited) @executable_path/Frameworks";
				PRODUCT_BUNDLE_IDENTIFIER = edy.van.tol.OmrekenApp;
				PRODUCT_NAME = "$(TARGET_NAME)";
				SWIFT_VERSION = 3.0;
				TARGETED_DEVICE_FAMILY = 1;
			};
			name = Debug;
		};
		924E8D8B1FA0B46400AEEFA2 /* Release */ = {
			isa = XCBuildConfiguration;
			buildSettings = {
				ASSETCATALOG_COMPILER_APPICON_NAME = AppIcon;
				INFOPLIST_FILE = OmrekenApp/Info.plist;
				LD_RUNPATH_SEARCH_PATHS = "$(inherited) @executable_path/Frameworks";
				PRODUCT_BUNDLE_IDENTIFIER = edy.van.tol.OmrekenApp;
				PRODUCT_NAME = "$(TARGET_NAME)";
				SWIFT_VERSION = 3.0;
				TARGETED_DEVICE_FAMILY = 1;
			};
			name = Release;
		};
		924E8D8D1FA0B46400AEEFA2 /* Debug */ = {
			isa = XCBuildConfiguration;
			buildSettings = {
				ALWAYS_EMBED_SWIFT_STANDARD_LIBRARIES = YES;
				BUNDLE_LOADER = "$(TEST_HOST)";
				INFOPLIST_FILE = OmrekenAppTests/Info.plist;
				LD_RUNPATH_SEARCH_PATHS = "$(inherited) @executable_path/Frameworks @loader_path/Frameworks";
				PRODUCT_BUNDLE_IDENTIFIER = edy.van.tol.OmrekenAppTests;
				PRODUCT_NAME = "$(TARGET_NAME)";
				SWIFT_VERSION = 3.0;
				TEST_HOST = "$(BUILT_PRODUCTS_DIR)/OmrekenApp.app/OmrekenApp";
			};
			name = Debug;
		};
		924E8D8E1FA0B46400AEEFA2 /* Release */ = {
			isa = XCBuildConfiguration;
			buildSettings = {
				ALWAYS_EMBED_SWIFT_STANDARD_LIBRARIES = YES;
				BUNDLE_LOADER = "$(TEST_HOST)";
				INFOPLIST_FILE = OmrekenAppTests/Info.plist;
				LD_RUNPATH_SEARCH_PATHS = "$(inherited) @executable_path/Frameworks @loader_path/Frameworks";
				PRODUCT_BUNDLE_IDENTIFIER = edy.van.tol.OmrekenAppTests;
				PRODUCT_NAME = "$(TARGET_NAME)";
				SWIFT_VERSION = 3.0;
				TEST_HOST = "$(BUILT_PRODUCTS_DIR)/OmrekenApp.app/OmrekenApp";
			};
			name = Release;
		};
		924E8D901FA0B46400AEEFA2 /* Debug */ = {
			isa = XCBuildConfiguration;
			buildSettings = {
				ALWAYS_EMBED_SWIFT_STANDARD_LIBRARIES = YES;
				INFOPLIST_FILE = OmrekenAppUITests/Info.plist;
				LD_RUNPATH_SEARCH_PATHS = "$(inherited) @executable_path/Frameworks @loader_path/Frameworks";
				PRODUCT_BUNDLE_IDENTIFIER = edy.van.tol.OmrekenAppUITests;
				PRODUCT_NAME = "$(TARGET_NAME)";
				SWIFT_VERSION = 3.0;
				TEST_TARGET_NAME = OmrekenApp;
			};
			name = Debug;
		};
		924E8D911FA0B46400AEEFA2 /* Release */ = {
			isa = XCBuildConfiguration;
			buildSettings = {
				ALWAYS_EMBED_SWIFT_STANDARD_LIBRARIES = YES;
				INFOPLIST_FILE = OmrekenAppUITests/Info.plist;
				LD_RUNPATH_SEARCH_PATHS = "$(inherited) @executable_path/Frameworks @loader_path/Frameworks";
				PRODUCT_BUNDLE_IDENTIFIER = edy.van.tol.OmrekenAppUITests;
				PRODUCT_NAME = "$(TARGET_NAME)";
				SWIFT_VERSION = 3.0;
				TEST_TARGET_NAME = OmrekenApp;
			};
			name = Release;
		};
/* End XCBuildConfiguration section */

/* Begin XCConfigurationList section */
		924E8D5C1FA0B46400AEEFA2 /* Build configuration list for PBXProject "OmrekenApp" */ = {
			isa = XCConfigurationList;
			buildConfigurations = (
				924E8D871FA0B46400AEEFA2 /* Debug */,
				924E8D881FA0B46400AEEFA2 /* Release */,
			);
			defaultConfigurationIsVisible = 0;
			defaultConfigurationName = Release;
		};
		924E8D891FA0B46400AEEFA2 /* Build configuration list for PBXNativeTarget "OmrekenApp" */ = {
			isa = XCConfigurationList;
			buildConfigurations = (
				924E8D8A1FA0B46400AEEFA2 /* Debug */,
				924E8D8B1FA0B46400AEEFA2 /* Release */,
			);
			defaultConfigurationIsVisible = 0;
		};
		924E8D8C1FA0B46400AEEFA2 /* Build configuration list for PBXNativeTarget "OmrekenAppTests" */ = {
			isa = XCConfigurationList;
			buildConfigurations = (
				924E8D8D1FA0B46400AEEFA2 /* Debug */,
				924E8D8E1FA0B46400AEEFA2 /* Release */,
			);
			defaultConfigurationIsVisible = 0;
		};
		924E8D8F1FA0B46400AEEFA2 /* Build configuration list for PBXNativeTarget "OmrekenAppUITests" */ = {
			isa = XCConfigurationList;
			buildConfigurations = (
				924E8D901FA0B46400AEEFA2 /* Debug */,
				924E8D911FA0B46400AEEFA2 /* Release */,
			);
			defaultConfigurationIsVisible = 0;
		};
/* End XCConfigurationList section */
	};
	rootObject = 924E8D591FA0B46400AEEFA2 /* Project object */;
}
