// !$*UTF8*$!
{
	archiveVersion = 1;
	classes = {
	};
	objectVersion = 46;
	objects = {

/* Begin PBXBuildFile section */
		921B0D301FA223C800BE2D68 /* AppDelegate.swift in Sources */ = {isa = PBXBuildFile; fileRef = 921B0D2F1FA223C800BE2D68 /* AppDelegate.swift */; };
		921B0D321FA223C800BE2D68 /* ViewController.swift in Sources */ = {isa = PBXBuildFile; fileRef = 921B0D311FA223C800BE2D68 /* ViewController.swift */; };
		921B0D351FA223C800BE2D68 /* Main.storyboard in Resources */ = {isa = PBXBuildFile; fileRef = 921B0D331FA223C800BE2D68 /* Main.storyboard */; };
		921B0D371FA223C800BE2D68 /* Assets.xcassets in Resources */ = {isa = PBXBuildFile; fileRef = 921B0D361FA223C800BE2D68 /* Assets.xcassets */; };
		921B0D3A1FA223C800BE2D68 /* LaunchScreen.storyboard in Resources */ = {isa = PBXBuildFile; fileRef = 921B0D381FA223C800BE2D68 /* LaunchScreen.storyboard */; };
		921B0D451FA223C800BE2D68 /* TickTackTests.swift in Sources */ = {isa = PBXBuildFile; fileRef = 921B0D441FA223C800BE2D68 /* TickTackTests.swift */; };
		921B0D501FA223C800BE2D68 /* TickTackUITests.swift in Sources */ = {isa = PBXBuildFile; fileRef = 921B0D4F1FA223C800BE2D68 /* TickTackUITests.swift */; };
/* End PBXBuildFile section */

/* Begin PBXContainerItemProxy section */
		921B0D411FA223C800BE2D68 /* PBXContainerItemProxy */ = {
			isa = PBXContainerItemProxy;
			containerPortal = 921B0D241FA223C800BE2D68 /* Project object */;
			proxyType = 1;
			remoteGlobalIDString = 921B0D2B1FA223C800BE2D68;
			remoteInfo = TickTack;
		};
		921B0D4C1FA223C800BE2D68 /* PBXContainerItemProxy */ = {
			isa = PBXContainerItemProxy;
			containerPortal = 921B0D241FA223C800BE2D68 /* Project object */;
			proxyType = 1;
			remoteGlobalIDString = 921B0D2B1FA223C800BE2D68;
			remoteInfo = TickTack;
		};
/* End PBXContainerItemProxy section */

/* Begin PBXFileReference section */
		921B0D2C1FA223C800BE2D68 /* TickTack.app */ = {isa = PBXFileReference; explicitFileType = wrapper.application; includeInIndex = 0; path = TickTack.app; sourceTree = BUILT_PRODUCTS_DIR; };
		921B0D2F1FA223C800BE2D68 /* AppDelegate.swift */ = {isa = PBXFileReference; lastKnownFileType = sourcecode.swift; path = AppDelegate.swift; sourceTree = "<group>"; };
		921B0D311FA223C800BE2D68 /* ViewController.swift */ = {isa = PBXFileReference; lastKnownFileType = sourcecode.swift; path = ViewController.swift; sourceTree = "<group>"; };
		921B0D341FA223C800BE2D68 /* Base */ = {isa = PBXFileReference; lastKnownFileType = file.storyboard; name = Base; path = Base.lproj/Main.storyboard; sourceTree = "<group>"; };
		921B0D361FA223C800BE2D68 /* Assets.xcassets */ = {isa = PBXFileReference; lastKnownFileType = folder.assetcatalog; path = Assets.xcassets; sourceTree = "<group>"; };
		921B0D391FA223C800BE2D68 /* Base */ = {isa = PBXFileReference; lastKnownFileType = file.storyboard; name = Base; path = Base.lproj/LaunchScreen.storyboard; sourceTree = "<group>"; };
		921B0D3B1FA223C800BE2D68 /* Info.plist */ = {isa = PBXFileReference; lastKnownFileType = text.plist.xml; path = Info.plist; sourceTree = "<group>"; };
		921B0D401FA223C800BE2D68 /* TickTackTests.xctest */ = {isa = PBXFileReference; explicitFileType = wrapper.cfbundle; includeInIndex = 0; path = TickTackTests.xctest; sourceTree = BUILT_PRODUCTS_DIR; };
		921B0D441FA223C800BE2D68 /* TickTackTests.swift */ = {isa = PBXFileReference; lastKnownFileType = sourcecode.swift; path = TickTackTests.swift; sourceTree = "<group>"; };
		921B0D461FA223C800BE2D68 /* Info.plist */ = {isa = PBXFileReference; lastKnownFileType = text.plist.xml; path = Info.plist; sourceTree = "<group>"; };
		921B0D4B1FA223C800BE2D68 /* TickTackUITests.xctest */ = {isa = PBXFileReference; explicitFileType = wrapper.cfbundle; includeInIndex = 0; path = TickTackUITests.xctest; sourceTree = BUILT_PRODUCTS_DIR; };
		921B0D4F1FA223C800BE2D68 /* TickTackUITests.swift */ = {isa = PBXFileReference; lastKnownFileType = sourcecode.swift; path = TickTackUITests.swift; sourceTree = "<group>"; };
		921B0D511FA223C800BE2D68 /* Info.plist */ = {isa = PBXFileReference; lastKnownFileType = text.plist.xml; path = Info.plist; sourceTree = "<group>"; };
/* End PBXFileReference section */

/* Begin PBXFrameworksBuildPhase section */
		921B0D291FA223C800BE2D68 /* Frameworks */ = {
			isa = PBXFrameworksBuildPhase;
			buildActionMask = 2147483647;
			files = (
			);
			runOnlyForDeploymentPostprocessing = 0;
		};
		921B0D3D1FA223C800BE2D68 /* Frameworks */ = {
			isa = PBXFrameworksBuildPhase;
			buildActionMask = 2147483647;
			files = (
			);
			runOnlyForDeploymentPostprocessing = 0;
		};
		921B0D481FA223C800BE2D68 /* Frameworks */ = {
			isa = PBXFrameworksBuildPhase;
			buildActionMask = 2147483647;
			files = (
			);
			runOnlyForDeploymentPostprocessing = 0;
		};
/* End PBXFrameworksBuildPhase section */

/* Begin PBXGroup section */
		921B0D231FA223C800BE2D68 = {
			isa = PBXGroup;
			children = (
				921B0D2E1FA223C800BE2D68 /* TickTack */,
				921B0D431FA223C800BE2D68 /* TickTackTests */,
				921B0D4E1FA223C800BE2D68 /* TickTackUITests */,
				921B0D2D1FA223C800BE2D68 /* Products */,
			);
			sourceTree = "<group>";
		};
		921B0D2D1FA223C800BE2D68 /* Products */ = {
			isa = PBXGroup;
			children = (
				921B0D2C1FA223C800BE2D68 /* TickTack.app */,
				921B0D401FA223C800BE2D68 /* TickTackTests.xctest */,
				921B0D4B1FA223C800BE2D68 /* TickTackUITests.xctest */,
			);
			name = Products;
			sourceTree = "<group>";
		};
		921B0D2E1FA223C800BE2D68 /* TickTack */ = {
			isa = PBXGroup;
			children = (
				921B0D2F1FA223C800BE2D68 /* AppDelegate.swift */,
				921B0D311FA223C800BE2D68 /* ViewController.swift */,
				921B0D331FA223C800BE2D68 /* Main.storyboard */,
				921B0D361FA223C800BE2D68 /* Assets.xcassets */,
				921B0D381FA223C800BE2D68 /* LaunchScreen.storyboard */,
				921B0D3B1FA223C800BE2D68 /* Info.plist */,
			);
			path = TickTack;
			sourceTree = "<group>";
		};
		921B0D431FA223C800BE2D68 /* TickTackTests */ = {
			isa = PBXGroup;
			children = (
				921B0D441FA223C800BE2D68 /* TickTackTests.swift */,
				921B0D461FA223C800BE2D68 /* Info.plist */,
			);
			path = TickTackTests;
			sourceTree = "<group>";
		};
		921B0D4E1FA223C800BE2D68 /* TickTackUITests */ = {
			isa = PBXGroup;
			children = (
				921B0D4F1FA223C800BE2D68 /* TickTackUITests.swift */,
				921B0D511FA223C800BE2D68 /* Info.plist */,
			);
			path = TickTackUITests;
			sourceTree = "<group>";
		};
/* End PBXGroup section */

/* Begin PBXNativeTarget section */
		921B0D2B1FA223C800BE2D68 /* TickTack */ = {
			isa = PBXNativeTarget;
			buildConfigurationList = 921B0D541FA223C800BE2D68 /* Build configuration list for PBXNativeTarget "TickTack" */;
			buildPhases = (
				921B0D281FA223C800BE2D68 /* Sources */,
				921B0D291FA223C800BE2D68 /* Frameworks */,
				921B0D2A1FA223C800BE2D68 /* Resources */,
			);
			buildRules = (
			);
			dependencies = (
			);
			name = TickTack;
			productName = TickTack;
			productReference = 921B0D2C1FA223C800BE2D68 /* TickTack.app */;
			productType = "com.apple.product-type.application";
		};
		921B0D3F1FA223C800BE2D68 /* TickTackTests */ = {
			isa = PBXNativeTarget;
			buildConfigurationList = 921B0D571FA223C800BE2D68 /* Build configuration list for PBXNativeTarget "TickTackTests" */;
			buildPhases = (
				921B0D3C1FA223C800BE2D68 /* Sources */,
				921B0D3D1FA223C800BE2D68 /* Frameworks */,
				921B0D3E1FA223C800BE2D68 /* Resources */,
			);
			buildRules = (
			);
			dependencies = (
				921B0D421FA223C800BE2D68 /* PBXTargetDependency */,
			);
			name = TickTackTests;
			productName = TickTackTests;
			productReference = 921B0D401FA223C800BE2D68 /* TickTackTests.xctest */;
			productType = "com.apple.product-type.bundle.unit-test";
		};
		921B0D4A1FA223C800BE2D68 /* TickTackUITests */ = {
			isa = PBXNativeTarget;
			buildConfigurationList = 921B0D5A1FA223C800BE2D68 /* Build configuration list for PBXNativeTarget "TickTackUITests" */;
			buildPhases = (
				921B0D471FA223C800BE2D68 /* Sources */,
				921B0D481FA223C800BE2D68 /* Frameworks */,
				921B0D491FA223C800BE2D68 /* Resources */,
			);
			buildRules = (
			);
			dependencies = (
				921B0D4D1FA223C800BE2D68 /* PBXTargetDependency */,
			);
			name = TickTackUITests;
			productName = TickTackUITests;
			productReference = 921B0D4B1FA223C800BE2D68 /* TickTackUITests.xctest */;
			productType = "com.apple.product-type.bundle.ui-testing";
		};
/* End PBXNativeTarget section */

/* Begin PBXProject section */
		921B0D241FA223C800BE2D68 /* Project object */ = {
			isa = PBXProject;
			attributes = {
				LastSwiftUpdateCheck = 0830;
				LastUpgradeCheck = 0830;
				ORGANIZATIONNAME = "Edy van Tol";
				TargetAttributes = {
					921B0D2B1FA223C800BE2D68 = {
						CreatedOnToolsVersion = 8.3.2;
						ProvisioningStyle = Automatic;
					};
					921B0D3F1FA223C800BE2D68 = {
						CreatedOnToolsVersion = 8.3.2;
						ProvisioningStyle = Automatic;
						TestTargetID = 921B0D2B1FA223C800BE2D68;
					};
					921B0D4A1FA223C800BE2D68 = {
						CreatedOnToolsVersion = 8.3.2;
						ProvisioningStyle = Automatic;
						TestTargetID = 921B0D2B1FA223C800BE2D68;
					};
				};
			};
			buildConfigurationList = 921B0D271FA223C800BE2D68 /* Build configuration list for PBXProject "TickTack" */;
			compatibilityVersion = "Xcode 3.2";
			developmentRegion = English;
			hasScannedForEncodings = 0;
			knownRegions = (
				en,
				Base,
			);
			mainGroup = 921B0D231FA223C800BE2D68;
			productRefGroup = 921B0D2D1FA223C800BE2D68 /* Products */;
			projectDirPath = "";
			projectRoot = "";
			targets = (
				921B0D2B1FA223C800BE2D68 /* TickTack */,
				921B0D3F1FA223C800BE2D68 /* TickTackTests */,
				921B0D4A1FA223C800BE2D68 /* TickTackUITests */,
			);
		};
/* End PBXProject section */

/* Begin PBXResourcesBuildPhase section */
		921B0D2A1FA223C800BE2D68 /* Resources */ = {
			isa = PBXResourcesBuildPhase;
			buildActionMask = 2147483647;
			files = (
				921B0D3A1FA223C800BE2D68 /* LaunchScreen.storyboard in Resources */,
				921B0D371FA223C800BE2D68 /* Assets.xcassets in Resources */,
				921B0D351FA223C800BE2D68 /* Main.storyboard in Resources */,
			);
			runOnlyForDeploymentPostprocessing = 0;
		};
		921B0D3E1FA223C800BE2D68 /* Resources */ = {
			isa = PBXResourcesBuildPhase;
			buildActionMask = 2147483647;
			files = (
			);
			runOnlyForDeploymentPostprocessing = 0;
		};
		921B0D491FA223C800BE2D68 /* Resources */ = {
			isa = PBXResourcesBuildPhase;
			buildActionMask = 2147483647;
			files = (
			);
			runOnlyForDeploymentPostprocessing = 0;
		};
/* End PBXResourcesBuildPhase section */

/* Begin PBXSourcesBuildPhase section */
		921B0D281FA223C800BE2D68 /* Sources */ = {
			isa = PBXSourcesBuildPhase;
			buildActionMask = 2147483647;
			files = (
				921B0D321FA223C800BE2D68 /* ViewController.swift in Sources */,
				921B0D301FA223C800BE2D68 /* AppDelegate.swift in Sources */,
			);
			runOnlyForDeploymentPostprocessing = 0;
		};
		921B0D3C1FA223C800BE2D68 /* Sources */ = {
			isa = PBXSourcesBuildPhase;
			buildActionMask = 2147483647;
			files = (
				921B0D451FA223C800BE2D68 /* TickTackTests.swift in Sources */,
			);
			runOnlyForDeploymentPostprocessing = 0;
		};
		921B0D471FA223C800BE2D68 /* Sources */ = {
			isa = PBXSourcesBuildPhase;
			buildActionMask = 2147483647;
			files = (
				921B0D501FA223C800BE2D68 /* TickTackUITests.swift in Sources */,
			);
			runOnlyForDeploymentPostprocessing = 0;
		};
/* End PBXSourcesBuildPhase section */

/* Begin PBXTargetDependency section */
		921B0D421FA223C800BE2D68 /* PBXTargetDependency */ = {
			isa = PBXTargetDependency;
			target = 921B0D2B1FA223C800BE2D68 /* TickTack */;
			targetProxy = 921B0D411FA223C800BE2D68 /* PBXContainerItemProxy */;
		};
		921B0D4D1FA223C800BE2D68 /* PBXTargetDependency */ = {
			isa = PBXTargetDependency;
			target = 921B0D2B1FA223C800BE2D68 /* TickTack */;
			targetProxy = 921B0D4C1FA223C800BE2D68 /* PBXContainerItemProxy */;
		};
/* End PBXTargetDependency section */

/* Begin PBXVariantGroup section */
		921B0D331FA223C800BE2D68 /* Main.storyboard */ = {
			isa = PBXVariantGroup;
			children = (
				921B0D341FA223C800BE2D68 /* Base */,
			);
			name = Main.storyboard;
			sourceTree = "<group>";
		};
		921B0D381FA223C800BE2D68 /* LaunchScreen.storyboard */ = {
			isa = PBXVariantGroup;
			children = (
				921B0D391FA223C800BE2D68 /* Base */,
			);
			name = LaunchScreen.storyboard;
			sourceTree = "<group>";
		};
/* End PBXVariantGroup section */

/* Begin XCBuildConfiguration section */
		921B0D521FA223C800BE2D68 /* Debug */ = {
			isa = XCBuildConfiguration;
			buildSettings = {
				ALWAYS_SEARCH_USER_PATHS = NO;
				CLANG_ANALYZER_NONNULL = YES;
				CLANG_ANALYZER_NUMBER_OBJECT_CONVERSION = YES_AGGRESSIVE;
				CLANG_CXX_LANGUAGE_STANDARD = "gnu++0x";
				CLANG_CXX_LIBRARY = "libc++";
				CLANG_ENABLE_MODULES = YES;
				CLANG_ENABLE_OBJC_ARC = YES;
				CLANG_WARN_BOOL_CONVERSION = YES;
				CLANG_WARN_CONSTANT_CONVERSION = YES;
				CLANG_WARN_DIRECT_OBJC_ISA_USAGE = YES_ERROR;
				CLANG_WARN_DOCUMENTATION_COMMENTS = YES;
				CLANG_WARN_EMPTY_BODY = YES;
				CLANG_WARN_ENUM_CONVERSION = YES;
				CLANG_WARN_INFINITE_RECURSION = YES;
				CLANG_WARN_INT_CONVERSION = YES;
				CLANG_WARN_OBJC_ROOT_CLASS = YES_ERROR;
				CLANG_WARN_SUSPICIOUS_MOVE = YES;
				CLANG_WARN_UNREACHABLE_CODE = YES;
				CLANG_WARN__DUPLICATE_METHOD_MATCH = YES;
				"CODE_SIGN_IDENTITY[sdk=iphoneos*]" = "iPhone Developer";
				COPY_PHASE_STRIP = NO;
				DEBUG_INFORMATION_FORMAT = dwarf;
				ENABLE_STRICT_OBJC_MSGSEND = YES;
				ENABLE_TESTABILITY = YES;
				GCC_C_LANGUAGE_STANDARD = gnu99;
				GCC_DYNAMIC_NO_PIC = NO;
				GCC_NO_COMMON_BLOCKS = YES;
				GCC_OPTIMIZATION_LEVEL = 0;
				GCC_PREPROCESSOR_DEFINITIONS = (
					"DEBUG=1",
					"$(inherited)",
				);
				GCC_WARN_64_TO_32_BIT_CONVERSION = YES;
				GCC_WARN_ABOUT_RETURN_TYPE = YES_ERROR;
				GCC_WARN_UNDECLARED_SELECTOR = YES;
				GCC_WARN_UNINITIALIZED_AUTOS = YES_AGGRESSIVE;
				GCC_WARN_UNUSED_FUNCTION = YES;
				GCC_WARN_UNUSED_VARIABLE = YES;
				IPHONEOS_DEPLOYMENT_TARGET = 10.3;
				MTL_ENABLE_DEBUG_INFO = YES;
				ONLY_ACTIVE_ARCH = YES;
				SDKROOT = iphoneos;
				SWIFT_ACTIVE_COMPILATION_CONDITIONS = DEBUG;
				SWIFT_OPTIMIZATION_LEVEL = "-Onone";
			};
			name = Debug;
		};
		921B0D531FA223C800BE2D68 /* Release */ = {
			isa = XCBuildConfiguration;
			buildSettings = {
				ALWAYS_SEARCH_USER_PATHS = NO;
				CLANG_ANALYZER_NONNULL = YES;
				CLANG_ANALYZER_NUMBER_OBJECT_CONVERSION = YES_AGGRESSIVE;
				CLANG_CXX_LANGUAGE_STANDARD = "gnu++0x";
				CLANG_CXX_LIBRARY = "libc++";
				CLANG_ENABLE_MODULES = YES;
				CLANG_ENABLE_OBJC_ARC = YES;
				CLANG_WARN_BOOL_CONVERSION = YES;
				CLANG_WARN_CONSTANT_CONVERSION = YES;
				CLANG_WARN_DIRECT_OBJC_ISA_USAGE = YES_ERROR;
				CLANG_WARN_DOCUMENTATION_COMMENTS = YES;
				CLANG_WARN_EMPTY_BODY = YES;
				CLANG_WARN_ENUM_CONVERSION = YES;
				CLANG_WARN_INFINITE_RECURSION = YES;
				CLANG_WARN_INT_CONVERSION = YES;
				CLANG_WARN_OBJC_ROOT_CLASS = YES_ERROR;
				CLANG_WARN_SUSPICIOUS_MOVE = YES;
				CLANG_WARN_UNREACHABLE_CODE = YES;
				CLANG_WARN__DUPLICATE_METHOD_MATCH = YES;
				"CODE_SIGN_IDENTITY[sdk=iphoneos*]" = "iPhone Developer";
				COPY_PHASE_STRIP = NO;
				DEBUG_INFORMATION_FORMAT = "dwarf-with-dsym";
				ENABLE_NS_ASSERTIONS = NO;
				ENABLE_STRICT_OBJC_MSGSEND = YES;
				GCC_C_LANGUAGE_STANDARD = gnu99;
				GCC_NO_COMMON_BLOCKS = YES;
				GCC_WARN_64_TO_32_BIT_CONVERSION = YES;
				GCC_WARN_ABOUT_RETURN_TYPE = YES_ERROR;
				GCC_WARN_UNDECLARED_SELECTOR = YES;
				GCC_WARN_UNINITIALIZED_AUTOS = YES_AGGRESSIVE;
				GCC_WARN_UNUSED_FUNCTION = YES;
				GCC_WARN_UNUSED_VARIABLE = YES;
				IPHONEOS_DEPLOYMENT_TARGET = 10.3;
				MTL_ENABLE_DEBUG_INFO = NO;
				SDKROOT = iphoneos;
				SWIFT_OPTIMIZATION_LEVEL = "-Owholemodule";
				VALIDATE_PRODUCT = YES;
			};
			name = Release;
		};
		921B0D551FA223C800BE2D68 /* Debug */ = {
			isa = XCBuildConfiguration;
			buildSettings = {
				ASSETCATALOG_COMPILER_APPICON_NAME = AppIcon;
				INFOPLIST_FILE = TickTack/Info.plist;
				LD_RUNPATH_SEARCH_PATHS = "$(inherited) @executable_path/Frameworks";
				PRODUCT_BUNDLE_IDENTIFIER = glr.nl.TickTack;
				PRODUCT_NAME = "$(TARGET_NAME)";
				SWIFT_VERSION = 3.0;
			};
			name = Debug;
		};
		921B0D561FA223C800BE2D68 /* Release */ = {
			isa = XCBuildConfiguration;
			buildSettings = {
				ASSETCATALOG_COMPILER_APPICON_NAME = AppIcon;
				INFOPLIST_FILE = TickTack/Info.plist;
				LD_RUNPATH_SEARCH_PATHS = "$(inherited) @executable_path/Frameworks";
				PRODUCT_BUNDLE_IDENTIFIER = glr.nl.TickTack;
				PRODUCT_NAME = "$(TARGET_NAME)";
				SWIFT_VERSION = 3.0;
			};
			name = Release;
		};
		921B0D581FA223C800BE2D68 /* Debug */ = {
			isa = XCBuildConfiguration;
			buildSettings = {
				ALWAYS_EMBED_SWIFT_STANDARD_LIBRARIES = YES;
				BUNDLE_LOADER = "$(TEST_HOST)";
				INFOPLIST_FILE = TickTackTests/Info.plist;
				LD_RUNPATH_SEARCH_PATHS = "$(inherited) @executable_path/Frameworks @loader_path/Frameworks";
				PRODUCT_BUNDLE_IDENTIFIER = gr.nl.TickTackTests;
				PRODUCT_NAME = "$(TARGET_NAME)";
				SWIFT_VERSION = 3.0;
				TEST_HOST = "$(BUILT_PRODUCTS_DIR)/TickTack.app/TickTack";
			};
			name = Debug;
		};
		921B0D591FA223C800BE2D68 /* Release */ = {
			isa = XCBuildConfiguration;
			buildSettings = {
				ALWAYS_EMBED_SWIFT_STANDARD_LIBRARIES = YES;
				BUNDLE_LOADER = "$(TEST_HOST)";
				INFOPLIST_FILE = TickTackTests/Info.plist;
				LD_RUNPATH_SEARCH_PATHS = "$(inherited) @executable_path/Frameworks @loader_path/Frameworks";
				PRODUCT_BUNDLE_IDENTIFIER = gr.nl.TickTackTests;
				PRODUCT_NAME = "$(TARGET_NAME)";
				SWIFT_VERSION = 3.0;
				TEST_HOST = "$(BUILT_PRODUCTS_DIR)/TickTack.app/TickTack";
			};
			name = Release;
		};
		921B0D5B1FA223C800BE2D68 /* Debug */ = {
			isa = XCBuildConfiguration;
			buildSettings = {
				ALWAYS_EMBED_SWIFT_STANDARD_LIBRARIES = YES;
				INFOPLIST_FILE = TickTackUITests/Info.plist;
				LD_RUNPATH_SEARCH_PATHS = "$(inherited) @executable_path/Frameworks @loader_path/Frameworks";
				PRODUCT_BUNDLE_IDENTIFIER = gr.nl.TickTackUITests;
				PRODUCT_NAME = "$(TARGET_NAME)";
				SWIFT_VERSION = 3.0;
				TEST_TARGET_NAME = TickTack;
			};
			name = Debug;
		};
		921B0D5C1FA223C800BE2D68 /* Release */ = {
			isa = XCBuildConfiguration;
			buildSettings = {
				ALWAYS_EMBED_SWIFT_STANDARD_LIBRARIES = YES;
				INFOPLIST_FILE = TickTackUITests/Info.plist;
				LD_RUNPATH_SEARCH_PATHS = "$(inherited) @executable_path/Frameworks @loader_path/Frameworks";
				PRODUCT_BUNDLE_IDENTIFIER = gr.nl.TickTackUITests;
				PRODUCT_NAME = "$(TARGET_NAME)";
				SWIFT_VERSION = 3.0;
				TEST_TARGET_NAME = TickTack;
			};
			name = Release;
		};
/* End XCBuildConfiguration section */

/* Begin XCConfigurationList section */
		921B0D271FA223C800BE2D68 /* Build configuration list for PBXProject "TickTack" */ = {
			isa = XCConfigurationList;
			buildConfigurations = (
				921B0D521FA223C800BE2D68 /* Debug */,
				921B0D531FA223C800BE2D68 /* Release */,
			);
			defaultConfigurationIsVisible = 0;
			defaultConfigurationName = Release;
		};
		921B0D541FA223C800BE2D68 /* Build configuration list for PBXNativeTarget "TickTack" */ = {
			isa = XCConfigurationList;
			buildConfigurations = (
				921B0D551FA223C800BE2D68 /* Debug */,
				921B0D561FA223C800BE2D68 /* Release */,
			);
			defaultConfigurationIsVisible = 0;
		};
		921B0D571FA223C800BE2D68 /* Build configuration list for PBXNativeTarget "TickTackTests" */ = {
			isa = XCConfigurationList;
			buildConfigurations = (
				921B0D581FA223C800BE2D68 /* Debug */,
				921B0D591FA223C800BE2D68 /* Release */,
			);
			defaultConfigurationIsVisible = 0;
		};
		921B0D5A1FA223C800BE2D68 /* Build configuration list for PBXNativeTarget "TickTackUITests" */ = {
			isa = XCConfigurationList;
			buildConfigurations = (
				921B0D5B1FA223C800BE2D68 /* Debug */,
				921B0D5C1FA223C800BE2D68 /* Release */,
			);
			defaultConfigurationIsVisible = 0;
		};
/* End XCConfigurationList section */
	};
	rootObject = 921B0D241FA223C800BE2D68 /* Project object */;
}
